
Microsoft Visual Studio Solution File, Format Version 12.00
# Visual Studio 15
VisualStudioVersion = 15.0.28307.168
MinimumVisualStudioVersion = 10.0.40219.1
Project("{9A19103F-16F7-4668-BE54-9A1E7A4F7556}") = "Application.OCR.FileProcessor", "Application.OCR\Application.OCR.FileProcessor.csproj", "{091BD396-EEA4-4014-BA40-292D7CE5F097}"
EndProject
Global
	GlobalSection(SolutionConfigurationPlatforms) = preSolution
		Debug|Any CPU = Debug|Any CPU
		Release|Any CPU = Release|Any CPU
	EndGlobalSection
	GlobalSection(ProjectConfigurationPlatforms) = postSolution
		{091BD396-EEA4-4014-BA40-292D7CE5F097}.Debug|Any CPU.ActiveCfg = Debug|Any CPU
		{091BD396-EEA4-4014-BA40-292D7CE5F097}.Debug|Any CPU.Build.0 = Debug|Any CPU
		{091BD396-EEA4-4014-BA40-292D7CE5F097}.Release|Any CPU.ActiveCfg = Release|Any CPU
		{091BD396-EEA4-4014-BA40-292D7CE5F097}.Release|Any CPU.Build.0 = Release|Any CPU
	EndGlobalSection
	GlobalSection(SolutionProperties) = preSolution
		HideSolutionNode = FALSE
	EndGlobalSection
	GlobalSection(ExtensibilityGlobals) = postSolution
		SolutionGuid = {41C42CC4-BB8F-488A-93F9-04634C566713}
	EndGlobalSection
EndGlobal
